
Microsoft Visual Studio Solution File, Format Version 12.00
# Visual Studio Version 17
VisualStudioVersion = 17.14.36915.13 d17.14
MinimumVisualStudioVersion = 10.0.40219.1
Project("{FAE04EC0-301F-11D3-BF4B-00C04F79EFBC}") = "lab1_25DH190025_NguyenHuynhHongQuan", "lab1_25DH190025_NguyenHuynhHongQuan.csproj", "{959909A6-D48F-46C9-AA80-BB439EC5421E}"
EndProject
Global
	GlobalSection(SolutionConfigurationPlatforms) = preSolution
		Debug|Any CPU = Debug|Any CPU
		Release|Any CPU = Release|Any CPU
	EndGlobalSection
	GlobalSection(ProjectConfigurationPlatforms) = postSolution
		{959909A6-D48F-46C9-AA80-BB439EC5421E}.Debug|Any CPU.ActiveCfg = Debug|Any CPU
		{959909A6-D48F-46C9-AA80-BB439EC5421E}.Debug|Any CPU.Build.0 = Debug|Any CPU
		{959909A6-D48F-46C9-AA80-BB439EC5421E}.Release|Any CPU.ActiveCfg = Release|Any CPU
		{959909A6-D48F-46C9-AA80-BB439EC5421E}.Release|Any CPU.Build.0 = Release|Any CPU
	EndGlobalSection
	GlobalSection(SolutionProperties) = preSolution
		HideSolutionNode = FALSE
	EndGlobalSection
	GlobalSection(ExtensibilityGlobals) = postSolution
		SolutionGuid = {BD781D92-B7AE-4ADC-82E8-4FB7A3E79BF7}
	EndGlobalSection
EndGlobal
